FORGE
  remote: http://forge.puppetlabs.com
  specs:
    dhoppe/vim (0.0.11)
    maestrodev/wget (1.2.2)
    puppetlabs/git (0.0.3)
    puppetlabs/mysql (2.0.1)
      puppetlabs/stdlib (>= 2.2.1)
    puppetlabs/stdlib (4.1.0)
    willdurand/composer (0.0.5)
      maestrodev/wget (>= 0.0.0)
    willdurand/nodejs (1.5.1)
      maestrodev/wget (>= 0.0.0)
      puppetlabs/stdlib (>= 0.0.0)

DEPENDENCIES
  dhoppe/vim (= 0.0.11)
  puppetlabs/git (= 0.0.3)
  puppetlabs/mysql (= 2.0.1)
  willdurand/composer (= 0.0.5)
  willdurand/nodejs (= 1.5.1)

